
Microsoft Visual Studio Solution File, Format Version 12.00
# Visual Studio 15
VisualStudioVersion = 15.0.27130.2003
MinimumVisualStudioVersion = 10.0.40219.1
Project("{FAE04EC0-301F-11D3-BF4B-00C04F79EFBC}") = "StockManagement", "StockManagement\StockManagement.csproj", "{3104FE50-141F-432D-8EB7-09533DE1974C}"
EndProject
Global
	GlobalSection(SolutionConfigurationPlatforms) = preSolution
		Debug|Any CPU = Debug|Any CPU
		Release|Any CPU = Release|Any CPU
	EndGlobalSection
	GlobalSection(ProjectConfigurationPlatforms) = postSolution
		{3104FE50-141F-432D-8EB7-09533DE1974C}.Debug|Any CPU.ActiveCfg = Debug|Any CPU
		{3104FE50-141F-432D-8EB7-09533DE1974C}.Debug|Any CPU.Build.0 = Debug|Any CPU
		{3104FE50-141F-432D-8EB7-09533DE1974C}.Release|Any CPU.ActiveCfg = Release|Any CPU
		{3104FE50-141F-432D-8EB7-09533DE1974C}.Release|Any CPU.Build.0 = Release|Any CPU
	EndGlobalSection
	GlobalSection(SolutionProperties) = preSolution
		HideSolutionNode = FALSE
	EndGlobalSection
	GlobalSection(ExtensibilityGlobals) = postSolution
		SolutionGuid = {C3FAB33E-08DC-4FB9-9A5E-DD15B299A536}
	EndGlobalSection
EndGlobal
